
Microsoft Visual Studio Solution File, Format Version 12.00
# Visual Studio 15
VisualStudioVersion = 15.0.26730.12
MinimumVisualStudioVersion = 10.0.40219.1
Project("{FAE04EC0-301F-11D3-BF4B-00C04F79EFBC}") = "PartyInvites", "PartyInvites\PartyInvites.csproj", "{BED7F8A4-16DB-4F2F-854D-D218BB40566C}"
EndProject
Global
	GlobalSection(SolutionConfigurationPlatforms) = preSolution
		Debug|Any CPU = Debug|Any CPU
		Release|Any CPU = Release|Any CPU
	EndGlobalSection
	GlobalSection(ProjectConfigurationPlatforms) = postSolution
		{BED7F8A4-16DB-4F2F-854D-D218BB40566C}.Debug|Any CPU.ActiveCfg = Debug|Any CPU
		{BED7F8A4-16DB-4F2F-854D-D218BB40566C}.Debug|Any CPU.Build.0 = Debug|Any CPU
		{BED7F8A4-16DB-4F2F-854D-D218BB40566C}.Release|Any CPU.ActiveCfg = Release|Any CPU
		{BED7F8A4-16DB-4F2F-854D-D218BB40566C}.Release|Any CPU.Build.0 = Release|Any CPU
	EndGlobalSection
	GlobalSection(SolutionProperties) = preSolution
		HideSolutionNode = FALSE
	EndGlobalSection
	GlobalSection(ExtensibilityGlobals) = postSolution
		SolutionGuid = {90F64BEF-CB93-48AE-ABE2-451D7D5A25FF}
	EndGlobalSection
EndGlobal
